
Microsoft Visual Studio Solution File, Format Version 12.00
# Visual Studio Version 16
VisualStudioVersion = 16.0.31112.23
MinimumVisualStudioVersion = 10.0.40219.1
Project("{FAE04EC0-301F-11D3-BF4B-00C04F79EFBC}") = "mayinTarlasi_armstrongSayiBul", "mayinTarlasi_armstrongSayiBul.csproj", "{FB86DBED-45D8-4830-BA7B-43851E41A479}"
EndProject
Global
	GlobalSection(SolutionConfigurationPlatforms) = preSolution
		Debug|Any CPU = Debug|Any CPU
		Release|Any CPU = Release|Any CPU
	EndGlobalSection
	GlobalSection(ProjectConfigurationPlatforms) = postSolution
		{FB86DBED-45D8-4830-BA7B-43851E41A479}.Debug|Any CPU.ActiveCfg = Debug|Any CPU
		{FB86DBED-45D8-4830-BA7B-43851E41A479}.Debug|Any CPU.Build.0 = Debug|Any CPU
		{FB86DBED-45D8-4830-BA7B-43851E41A479}.Release|Any CPU.ActiveCfg = Release|Any CPU
		{FB86DBED-45D8-4830-BA7B-43851E41A479}.Release|Any CPU.Build.0 = Release|Any CPU
	EndGlobalSection
	GlobalSection(SolutionProperties) = preSolution
		HideSolutionNode = FALSE
	EndGlobalSection
	GlobalSection(ExtensibilityGlobals) = postSolution
		SolutionGuid = {6E4F2C8F-DD30-48E1-BA59-59AD5A6239BF}
	EndGlobalSection
EndGlobal
