
Microsoft Visual Studio Solution File, Format Version 12.00
# Visual Studio Version 16
VisualStudioVersion = 16.0.30114.105
MinimumVisualStudioVersion = 10.0.40219.1
Project("{FAE04EC0-301F-11D3-BF4B-00C04F79EFBC}") = "mikroGSShesaplayıcı", "mikroGSShesaplayıcı.csproj", "{76B4030F-405C-4811-8D2E-4FC9052463AF}"
EndProject
Global
	GlobalSection(SolutionConfigurationPlatforms) = preSolution
		Debug|Any CPU = Debug|Any CPU
		Release|Any CPU = Release|Any CPU
	EndGlobalSection
	GlobalSection(ProjectConfigurationPlatforms) = postSolution
		{76B4030F-405C-4811-8D2E-4FC9052463AF}.Debug|Any CPU.ActiveCfg = Debug|Any CPU
		{76B4030F-405C-4811-8D2E-4FC9052463AF}.Debug|Any CPU.Build.0 = Debug|Any CPU
		{76B4030F-405C-4811-8D2E-4FC9052463AF}.Release|Any CPU.ActiveCfg = Release|Any CPU
		{76B4030F-405C-4811-8D2E-4FC9052463AF}.Release|Any CPU.Build.0 = Release|Any CPU
	EndGlobalSection
	GlobalSection(SolutionProperties) = preSolution
		HideSolutionNode = FALSE
	EndGlobalSection
	GlobalSection(ExtensibilityGlobals) = postSolution
		SolutionGuid = {C338E8AD-A7E4-4364-80AC-C9C06851C338}
	EndGlobalSection
EndGlobal
